{
  "name": "compromise-wikipedia",
  "version": "0.0.0",
  "lockfileVersion": 2,
  "requires": true,
  "packages": {
    "": {
      "name": "compromise-wikipedia",
      "version": "0.0.0",
      "license": "MIT",
      "dependencies": {
        "colorette": "^2.0.16",
        "efrt": "^2.5.0",
        "node-wget-promise": "^0.1.6"
      },
      "peerDependencies": {
        "compromise": ">=12.0.0"
      }
    },
    "node_modules/colorette": {
      "version": "2.0.16",
      "resolved": "https://registry.npmjs.org/colorette/-/colorette-2.0.16.tgz",
      "integrity": "sha512-hUewv7oMjCp+wkBv5Rm0v87eJhq4woh5rSR+42YSQJKecCqgIqNkZ6lAlQms/BwHPJA5NKMRlpxPRv0n8HQW6g=="
    },
    "node_modules/compromise": {
      "version": "13.11.4",
      "resolved": "https://registry.npmjs.org/compromise/-/compromise-13.11.4.tgz",
      "integrity": "sha512-nBITcNdqIHSVDDluaG6guyFFCSNXN+Hu87fU8VlhkE5Z0PwTZN1nro2O7a8JcUH88nB5EOzrxd9zKfXLSNFqcg==",
      "peer": true,
      "dependencies": {
        "efrt-unpack": "2.2.0"
      },
      "engines": {
        "node": ">=8.0.0"
      }
    },
    "node_modules/efrt": {
      "version": "2.5.0",
      "resolved": "https://registry.npmjs.org/efrt/-/efrt-2.5.0.tgz",
      "integrity": "sha512-V/tJRLSD3sbd1hOw2TVvMLeQnLZeH9STMoUg649M6Zufb9Xabho+nkORxORu1SiCX5hh4e7yhRbcwAUIdXwLOQ=="
    },
    "node_modules/efrt-unpack": {
      "version": "2.2.0",
      "resolved": "https://registry.npmjs.org/efrt-unpack/-/efrt-unpack-2.2.0.tgz",
      "integrity": "sha512-9xUSSj7qcUxz+0r4X3+bwUNttEfGfK5AH+LVa1aTpqdAfrN5VhROYCfcF+up4hp5OL7IUKcZJJrzAGipQRDoiQ==",
      "peer": true
    },
    "node_modules/node-wget-promise": {
      "version": "0.1.6",
      "resolved": "https://registry.npmjs.org/node-wget-promise/-/node-wget-promise-0.1.6.tgz",
      "integrity": "sha512-EB1aleH7rp+rjdZRugezC8Nk7QJ6uXueYDUumFXkXQy7Z3HoW+0G6/cxjVMSmQHZmt4TC7xdpleOYnw65/ciLw=="
    }
  },
  "dependencies": {
    "colorette": {
      "version": "2.0.16",
      "resolved": "https://registry.npmjs.org/colorette/-/colorette-2.0.16.tgz",
      "integrity": "sha512-hUewv7oMjCp+wkBv5Rm0v87eJhq4woh5rSR+42YSQJKecCqgIqNkZ6lAlQms/BwHPJA5NKMRlpxPRv0n8HQW6g=="
    },
    "compromise": {
      "version": "13.11.4",
      "resolved": "https://registry.npmjs.org/compromise/-/compromise-13.11.4.tgz",
      "integrity": "sha512-nBITcNdqIHSVDDluaG6guyFFCSNXN+Hu87fU8VlhkE5Z0PwTZN1nro2O7a8JcUH88nB5EOzrxd9zKfXLSNFqcg==",
      "peer": true,
      "requires": {
        "efrt-unpack": "2.2.0"
      }
    },
    "efrt": {
      "version": "2.5.0",
      "resolved": "https://registry.npmjs.org/efrt/-/efrt-2.5.0.tgz",
      "integrity": "sha512-V/tJRLSD3sbd1hOw2TVvMLeQnLZeH9STMoUg649M6Zufb9Xabho+nkORxORu1SiCX5hh4e7yhRbcwAUIdXwLOQ=="
    },
    "efrt-unpack": {
      "version": "2.2.0",
      "resolved": "https://registry.npmjs.org/efrt-unpack/-/efrt-unpack-2.2.0.tgz",
      "integrity": "sha512-9xUSSj7qcUxz+0r4X3+bwUNttEfGfK5AH+LVa1aTpqdAfrN5VhROYCfcF+up4hp5OL7IUKcZJJrzAGipQRDoiQ==",
      "peer": true
    },
    "node-wget-promise": {
      "version": "0.1.6",
      "resolved": "https://registry.npmjs.org/node-wget-promise/-/node-wget-promise-0.1.6.tgz",
      "integrity": "sha512-EB1aleH7rp+rjdZRugezC8Nk7QJ6uXueYDUumFXkXQy7Z3HoW+0G6/cxjVMSmQHZmt4TC7xdpleOYnw65/ciLw=="
    }
  }
}
