{
  "name": "compromise-dates",
  "version": "3.0.0",
  "lockfileVersion": 2,
  "requires": true,
  "packages": {
    "": {
      "name": "compromise-dates",
      "version": "3.0.0",
      "license": "MIT",
      "dependencies": {
        "spacetime": "7.1.2",
        "spacetime-holiday": "0.2.2"
      },
      "peerDependencies": {
        "compromise": ">=14.0.0"
      }
    },
    "node_modules/compromise": {
      "version": "14.0.0",
      "resolved": "https://registry.npmjs.org/compromise/-/compromise-14.0.0.tgz",
      "integrity": "sha512-//uDMAfHPKygivhYG1+6kSaugS0FbuUWVuwCAtI8FR2AQVa6AWNbOBph/Qzx2to1anRoYvmN1VG2lN8VN6hTOg==",
      "peer": true,
      "dependencies": {
        "efrt": "2.5.0",
        "grad-school": "0.0.4",
        "suffix-thumb": "4.0.2"
      },
      "engines": {
        "node": ">=12.0.0"
      }
    },
    "node_modules/efrt": {
      "version": "2.5.0",
      "resolved": "https://registry.npmjs.org/efrt/-/efrt-2.5.0.tgz",
      "integrity": "sha512-V/tJRLSD3sbd1hOw2TVvMLeQnLZeH9STMoUg649M6Zufb9Xabho+nkORxORu1SiCX5hh4e7yhRbcwAUIdXwLOQ==",
      "peer": true
    },
    "node_modules/grad-school": {
      "version": "0.0.4",
      "resolved": "https://registry.npmjs.org/grad-school/-/grad-school-0.0.4.tgz",
      "integrity": "sha512-wIaLSmqqMNiNJGMUq45jokvb+pTW0xe52k1+iY5aQgGNVM9xf1OpWuIDqHxxSqlRf/nqt0D/NIpj61+2z87q+g==",
      "peer": true,
      "engines": {
        "node": ">=8.0.0"
      }
    },
    "node_modules/spacetime": {
      "version": "7.1.2",
      "resolved": "https://registry.npmjs.org/spacetime/-/spacetime-7.1.2.tgz",
      "integrity": "sha512-MUTgK9KU9gMXhZddwe0nlgFnCJXT4RfuIRqyo8VcUexZa94zkxk1WpVv3THgvMFz1+Hq9okoNiGTvj6qBdN4Cg=="
    },
    "node_modules/spacetime-holiday": {
      "version": "0.2.2",
      "resolved": "https://registry.npmjs.org/spacetime-holiday/-/spacetime-holiday-0.2.2.tgz",
      "integrity": "sha512-qF2qD/KfXqjOJLmud5M8XFb+laafzOdTJsYCB/a+44ytUgpHUOpqBX2jYZxfoQkT6DsfNdctTbmWKCegVgEMEw==",
      "peerDependencies": {
        "spacetime": ">=6.3.0"
      }
    },
    "node_modules/suffix-thumb": {
      "version": "4.0.2",
      "resolved": "https://registry.npmjs.org/suffix-thumb/-/suffix-thumb-4.0.2.tgz",
      "integrity": "sha512-CCvCAr7JyeQoO+/lyq3P2foZI/xJz5kpG3L6kg2CaOf9K2/gaM9ixy/JTuRwjEK38l306zE7vl3JoOZYmLQLlA==",
      "peer": true
    }
  },
  "dependencies": {
    "compromise": {
      "version": "14.0.0",
      "resolved": "https://registry.npmjs.org/compromise/-/compromise-14.0.0.tgz",
      "integrity": "sha512-//uDMAfHPKygivhYG1+6kSaugS0FbuUWVuwCAtI8FR2AQVa6AWNbOBph/Qzx2to1anRoYvmN1VG2lN8VN6hTOg==",
      "peer": true,
      "requires": {
        "efrt": "2.5.0",
        "grad-school": "0.0.4",
        "suffix-thumb": "4.0.2"
      }
    },
    "efrt": {
      "version": "2.5.0",
      "resolved": "https://registry.npmjs.org/efrt/-/efrt-2.5.0.tgz",
      "integrity": "sha512-V/tJRLSD3sbd1hOw2TVvMLeQnLZeH9STMoUg649M6Zufb9Xabho+nkORxORu1SiCX5hh4e7yhRbcwAUIdXwLOQ==",
      "peer": true
    },
    "grad-school": {
      "version": "0.0.4",
      "resolved": "https://registry.npmjs.org/grad-school/-/grad-school-0.0.4.tgz",
      "integrity": "sha512-wIaLSmqqMNiNJGMUq45jokvb+pTW0xe52k1+iY5aQgGNVM9xf1OpWuIDqHxxSqlRf/nqt0D/NIpj61+2z87q+g==",
      "peer": true
    },
    "spacetime": {
      "version": "7.1.2",
      "resolved": "https://registry.npmjs.org/spacetime/-/spacetime-7.1.2.tgz",
      "integrity": "sha512-MUTgK9KU9gMXhZddwe0nlgFnCJXT4RfuIRqyo8VcUexZa94zkxk1WpVv3THgvMFz1+Hq9okoNiGTvj6qBdN4Cg=="
    },
    "spacetime-holiday": {
      "version": "0.2.2",
      "resolved": "https://registry.npmjs.org/spacetime-holiday/-/spacetime-holiday-0.2.2.tgz",
      "integrity": "sha512-qF2qD/KfXqjOJLmud5M8XFb+laafzOdTJsYCB/a+44ytUgpHUOpqBX2jYZxfoQkT6DsfNdctTbmWKCegVgEMEw==",
      "requires": {}
    },
    "suffix-thumb": {
      "version": "4.0.2",
      "resolved": "https://registry.npmjs.org/suffix-thumb/-/suffix-thumb-4.0.2.tgz",
      "integrity": "sha512-CCvCAr7JyeQoO+/lyq3P2foZI/xJz5kpG3L6kg2CaOf9K2/gaM9ixy/JTuRwjEK38l306zE7vl3JoOZYmLQLlA==",
      "peer": true
    }
  }
}
