{
  "name": "compromise-dates",
  "version": "3.0.0-next",
  "lockfileVersion": 2,
  "requires": true,
  "packages": {
    "": {
      "name": "compromise-dates",
      "version": "3.0.0-next",
      "license": "MIT",
      "dependencies": {
        "spacetime": "6.16.0",
        "spacetime-holiday": "0.1.0"
      },
      "devDependencies": {},
      "peerDependencies": {
        "compromise": ">=12.0.0"
      }
    },
    "node_modules/compromise": {
      "version": "13.11.4",
      "resolved": "https://registry.npmjs.org/compromise/-/compromise-13.11.4.tgz",
      "integrity": "sha512-nBITcNdqIHSVDDluaG6guyFFCSNXN+Hu87fU8VlhkE5Z0PwTZN1nro2O7a8JcUH88nB5EOzrxd9zKfXLSNFqcg==",
      "peer": true,
      "dependencies": {
        "efrt-unpack": "2.2.0"
      },
      "engines": {
        "node": ">=8.0.0"
      }
    },
    "node_modules/efrt-unpack": {
      "version": "2.2.0",
      "resolved": "https://registry.npmjs.org/efrt-unpack/-/efrt-unpack-2.2.0.tgz",
      "integrity": "sha512-9xUSSj7qcUxz+0r4X3+bwUNttEfGfK5AH+LVa1aTpqdAfrN5VhROYCfcF+up4hp5OL7IUKcZJJrzAGipQRDoiQ==",
      "peer": true
    },
    "node_modules/spacetime": {
      "version": "6.16.0",
      "resolved": "https://registry.npmjs.org/spacetime/-/spacetime-6.16.0.tgz",
      "integrity": "sha512-mkuniNOp6ssfPyJidj81tb54zKxK4vEKPTmcUsC/NEGIF8S07ppoSotdg6numT1/26rthQYmdxMY/M5a9WeJVQ=="
    },
    "node_modules/spacetime-holiday": {
      "version": "0.1.0",
      "resolved": "https://registry.npmjs.org/spacetime-holiday/-/spacetime-holiday-0.1.0.tgz",
      "integrity": "sha512-rYIpSDbHnznZRstUrmYYFAaruW8e96t+1JfS0b6qMiAAQ2DrkLKc8oMotAAkB9qMTUwXXf5bIkdTHfP434uitQ==",
      "peerDependencies": {
        "spacetime": "^6.3.0"
      }
    }
  },
  "dependencies": {
    "compromise": {
      "version": "13.11.4",
      "resolved": "https://registry.npmjs.org/compromise/-/compromise-13.11.4.tgz",
      "integrity": "sha512-nBITcNdqIHSVDDluaG6guyFFCSNXN+Hu87fU8VlhkE5Z0PwTZN1nro2O7a8JcUH88nB5EOzrxd9zKfXLSNFqcg==",
      "peer": true,
      "requires": {
        "efrt-unpack": "2.2.0"
      }
    },
    "efrt-unpack": {
      "version": "2.2.0",
      "resolved": "https://registry.npmjs.org/efrt-unpack/-/efrt-unpack-2.2.0.tgz",
      "integrity": "sha512-9xUSSj7qcUxz+0r4X3+bwUNttEfGfK5AH+LVa1aTpqdAfrN5VhROYCfcF+up4hp5OL7IUKcZJJrzAGipQRDoiQ==",
      "peer": true
    },
    "spacetime": {
      "version": "6.16.0",
      "resolved": "https://registry.npmjs.org/spacetime/-/spacetime-6.16.0.tgz",
      "integrity": "sha512-mkuniNOp6ssfPyJidj81tb54zKxK4vEKPTmcUsC/NEGIF8S07ppoSotdg6numT1/26rthQYmdxMY/M5a9WeJVQ=="
    },
    "spacetime-holiday": {
      "version": "0.1.0",
      "resolved": "https://registry.npmjs.org/spacetime-holiday/-/spacetime-holiday-0.1.0.tgz",
      "integrity": "sha512-rYIpSDbHnznZRstUrmYYFAaruW8e96t+1JfS0b6qMiAAQ2DrkLKc8oMotAAkB9qMTUwXXf5bIkdTHfP434uitQ==",
      "requires": {}
    }
  }
}
