{
  "name": "nlp_compromise",
  "version": "7.0.0",
  "lockfileVersion": 1,
  "requires": true,
  "dependencies": {
    "compromise": {
      "version": "11.12.1",
      "resolved": "https://registry.npmjs.org/compromise/-/compromise-11.12.1.tgz",
      "integrity": "sha512-4GrW1ZDLa+gxHEdpklas4v+rJuwwz0bbzs+zyAFcDRvOuyi5fhbiljHW9dXekZ/ndxf7msdXobZxDGTFesgP0g==",
      "requires": {
        "efrt-unpack": "2.0.3"
      }
    },
    "efrt-unpack": {
      "version": "2.0.3",
      "resolved": "https://registry.npmjs.org/efrt-unpack/-/efrt-unpack-2.0.3.tgz",
      "integrity": "sha512-ocvMy2FUrwdO8mfbe8abpb9hEC8GqifH5/VONgb9aPNOTakRcJVTaLMBG6TBQ64Y7qEVABIkVA9jacdKJErE+g=="
    }
  }
}
