{
  "name": "compromise-speed",
  "version": "0.0.3",
  "lockfileVersion": 2,
  "requires": true,
  "packages": {
    "": {
      "name": "compromise-speed",
      "version": "0.0.3",
      "license": "MIT",
      "devDependencies": {
        "compromise": "^14.1.2"
      },
      "peerDependencies": {
        "compromise": ">=14.0.0"
      }
    },
    "node_modules/compromise": {
      "version": "14.1.2",
      "resolved": "https://registry.npmjs.org/compromise/-/compromise-14.1.2.tgz",
      "integrity": "sha512-GGoe+dUqnTfVvvY+UMI6cfdT/kAbX+HNcJlNYSY5tO/dxVUlJFdWYTiIDbxVu5AFOdP6NhQ1xo21xubgwllo4g==",
      "dev": true,
      "dependencies": {
        "efrt": "2.6.0",
        "grad-school": "0.0.4",
        "suffix-thumb": "4.0.2"
      },
      "engines": {
        "node": ">=12.0.0"
      }
    },
    "node_modules/efrt": {
      "version": "2.6.0",
      "resolved": "https://registry.npmjs.org/efrt/-/efrt-2.6.0.tgz",
      "integrity": "sha512-uVeV82e9c/n/8/QyWVbbt4jvvbVOvgYwnKE59KpwJ1DD7AGXWytU9v32v5SuvxKNl9V9JaudsMPtztJNY+Batg==",
      "dev": true,
      "engines": {
        "node": ">=12.0.0"
      }
    },
    "node_modules/grad-school": {
      "version": "0.0.4",
      "resolved": "https://registry.npmjs.org/grad-school/-/grad-school-0.0.4.tgz",
      "integrity": "sha512-wIaLSmqqMNiNJGMUq45jokvb+pTW0xe52k1+iY5aQgGNVM9xf1OpWuIDqHxxSqlRf/nqt0D/NIpj61+2z87q+g==",
      "dev": true,
      "engines": {
        "node": ">=8.0.0"
      }
    },
    "node_modules/suffix-thumb": {
      "version": "4.0.2",
      "resolved": "https://registry.npmjs.org/suffix-thumb/-/suffix-thumb-4.0.2.tgz",
      "integrity": "sha512-CCvCAr7JyeQoO+/lyq3P2foZI/xJz5kpG3L6kg2CaOf9K2/gaM9ixy/JTuRwjEK38l306zE7vl3JoOZYmLQLlA==",
      "dev": true
    }
  },
  "dependencies": {
    "compromise": {
      "version": "14.1.2",
      "resolved": "https://registry.npmjs.org/compromise/-/compromise-14.1.2.tgz",
      "integrity": "sha512-GGoe+dUqnTfVvvY+UMI6cfdT/kAbX+HNcJlNYSY5tO/dxVUlJFdWYTiIDbxVu5AFOdP6NhQ1xo21xubgwllo4g==",
      "dev": true,
      "requires": {
        "efrt": "2.6.0",
        "grad-school": "0.0.4",
        "suffix-thumb": "4.0.2"
      }
    },
    "efrt": {
      "version": "2.6.0",
      "resolved": "https://registry.npmjs.org/efrt/-/efrt-2.6.0.tgz",
      "integrity": "sha512-uVeV82e9c/n/8/QyWVbbt4jvvbVOvgYwnKE59KpwJ1DD7AGXWytU9v32v5SuvxKNl9V9JaudsMPtztJNY+Batg==",
      "dev": true
    },
    "grad-school": {
      "version": "0.0.4",
      "resolved": "https://registry.npmjs.org/grad-school/-/grad-school-0.0.4.tgz",
      "integrity": "sha512-wIaLSmqqMNiNJGMUq45jokvb+pTW0xe52k1+iY5aQgGNVM9xf1OpWuIDqHxxSqlRf/nqt0D/NIpj61+2z87q+g==",
      "dev": true
    },
    "suffix-thumb": {
      "version": "4.0.2",
      "resolved": "https://registry.npmjs.org/suffix-thumb/-/suffix-thumb-4.0.2.tgz",
      "integrity": "sha512-CCvCAr7JyeQoO+/lyq3P2foZI/xJz5kpG3L6kg2CaOf9K2/gaM9ixy/JTuRwjEK38l306zE7vl3JoOZYmLQLlA==",
      "dev": true
    }
  }
}
