{
  "name": "compromise-stress-test",
  "version": "0.0.1",
  "lockfileVersion": 1,
  "requires": true,
  "dependencies": {
    "nlp-corpus": {
      "version": "3.3.0",
      "resolved": "https://registry.npmjs.org/nlp-corpus/-/nlp-corpus-3.3.0.tgz",
      "integrity": "sha512-aoipEO+qNUICPDrnk/1t4qe1Zqj2MgBlTnU/oo4GqwrduQ6ObN+OoU/Yp9A1uAETsdruZUJS7wQIVWJRntfWUw==",
      "dev": true
    }
  }
}
