{
  "name": "perf",
  "version": "1.0.0",
  "lockfileVersion": 2,
  "requires": true,
  "packages": {
    "": {
      "version": "1.0.0",
      "license": "ISC",
      "dependencies": {
        "compromise13.0.0": "npm:compromise@13.0.0",
        "compromise13.1.0": "npm:compromise@13.1.0",
        "compromise13.1.1": "npm:compromise@13.1.1",
        "compromise13.10.0": "npm:compromise@13.10.0",
        "compromise13.10.1": "npm:compromise@13.10.1",
        "compromise13.10.2": "npm:compromise@13.10.2",
        "compromise13.2.0": "npm:compromise@13.2.0",
        "compromise13.3.0": "npm:compromise@13.3.0",
        "compromise13.3.1": "npm:compromise@13.3.1",
        "compromise13.3.2": "npm:compromise@13.3.2",
        "compromise13.4.0": "npm:compromise@13.4.0",
        "compromise13.5.0": "npm:compromise@13.5.0",
        "compromise13.6.0": "npm:compromise@13.6.0",
        "compromise13.7.0": "npm:compromise@13.7.0",
        "compromise13.8.0": "npm:compromise@13.8.0",
        "compromise13.9.0": "npm:compromise@13.9.0",
        "compromise13.9.1": "npm:compromise@13.9.1",
        "compromise13.9.2": "npm:compromise@13.9.2",
        "compromise13.9.3": "npm:compromise@13.9.3"
      }
    },
    "node_modules/compromise13.0.0": {
      "name": "compromise",
      "version": "13.0.0",
      "resolved": "https://registry.npmjs.org/compromise/-/compromise-13.0.0.tgz",
      "integrity": "sha512-4Kgpky/ZEq62wI8cNQ7SAoK46OKLj/UgMhKEZwVVoDqQ9yOEfSNLvPPtdYuFtpS1mboFj9MR6Nu/7/fV34sFNg==",
      "dependencies": {
        "efrt-unpack": "2.2.0"
      },
      "engines": {
        "node": ">=6.0.0"
      }
    },
    "node_modules/compromise13.1.0": {
      "name": "compromise",
      "version": "13.1.0",
      "resolved": "https://registry.npmjs.org/compromise/-/compromise-13.1.0.tgz",
      "integrity": "sha512-jPXyr4P7v9eLr9Uvxk6Y9TViQXOHLAoHTAfPLr/qUf/ivKU1xFo2JoljLGQ9VauyaHzSMQWEjZWXpa9E4wonQQ==",
      "dependencies": {
        "efrt-unpack": "2.2.0"
      },
      "engines": {
        "node": ">=6.0.0"
      }
    },
    "node_modules/compromise13.1.1": {
      "name": "compromise",
      "version": "13.1.1",
      "resolved": "https://registry.npmjs.org/compromise/-/compromise-13.1.1.tgz",
      "integrity": "sha512-z54eBM+qbLS2/i/lYwCqDSkUMRXP0QZWW7XsffIiWGZpJPteTRr8laAEXoa4DQM5it5tGpE08cqRa8yZKYTcUw==",
      "dependencies": {
        "efrt-unpack": "2.2.0"
      },
      "engines": {
        "node": ">=6.0.0"
      }
    },
    "node_modules/compromise13.10.0": {
      "name": "compromise",
      "version": "13.10.0",
      "resolved": "https://registry.npmjs.org/compromise/-/compromise-13.10.0.tgz",
      "integrity": "sha512-t0EOG82arnVeUIOuDhlqweXkADf98BNCCYqE2UtnZW/NKcX75zlrasvSMPxfjZpZiOUX3UdeRo5IqZ7JuyDkKg==",
      "dependencies": {
        "efrt-unpack": "2.2.0"
      },
      "engines": {
        "node": ">=6.0.0"
      }
    },
    "node_modules/compromise13.10.1": {
      "name": "compromise",
      "version": "13.10.1",
      "resolved": "https://registry.npmjs.org/compromise/-/compromise-13.10.1.tgz",
      "integrity": "sha512-c6zhWJzXQBXWQXHqfVQC31KJHHW1VFP138TT2moE8A1qzzJfjjbBCxO227rPnCUTpg4I2+SHWfWpC8v/XoZ4Iw==",
      "dependencies": {
        "efrt-unpack": "2.2.0"
      },
      "engines": {
        "node": ">=6.0.0"
      }
    },
    "node_modules/compromise13.10.2": {
      "name": "compromise",
      "version": "13.10.2",
      "resolved": "https://registry.npmjs.org/compromise/-/compromise-13.10.2.tgz",
      "integrity": "sha512-jyUy0dCggMWDG0f3/lgNZAtc4ttxL5M3gujBjzABaVxT0Fqi5vcLYgZOY5tzQXNSRopRV1+AZ8ZjO9RA2uS/bQ==",
      "dependencies": {
        "efrt-unpack": "2.2.0"
      },
      "engines": {
        "node": ">=6.0.0"
      }
    },
    "node_modules/compromise13.2.0": {
      "name": "compromise",
      "version": "13.2.0",
      "resolved": "https://registry.npmjs.org/compromise/-/compromise-13.2.0.tgz",
      "integrity": "sha512-28+mOpSGWkzCN2BKKq2sApPm+XNOmBj5wDxlKAAeUh77Mv4HsjnX2Zp3KN1Id6CYwkyn7dPuWF3GGqq2X/SEww==",
      "dependencies": {
        "efrt-unpack": "2.2.0"
      },
      "engines": {
        "node": ">=6.0.0"
      }
    },
    "node_modules/compromise13.3.0": {
      "name": "compromise",
      "version": "13.3.0",
      "resolved": "https://registry.npmjs.org/compromise/-/compromise-13.3.0.tgz",
      "integrity": "sha512-jRKKGb1y83ur/fWqXJoWrP5zQqy03v+T/uw68LUEXdRamkou7ThYaDCpAWoH3xVB/vY1D0PJdLRRfCVaWScR4g==",
      "dependencies": {
        "efrt-unpack": "2.2.0"
      },
      "engines": {
        "node": ">=6.0.0"
      }
    },
    "node_modules/compromise13.3.1": {
      "name": "compromise",
      "version": "13.3.1",
      "resolved": "https://registry.npmjs.org/compromise/-/compromise-13.3.1.tgz",
      "integrity": "sha512-GcnPmjJ0HKonf2q2VRCBNFTDG/MQOAa1URH+t7FLN9KeJY68orBh7OeAznXo7g5Mgz2bpgqRTp9jQoYreYRo/Q==",
      "dependencies": {
        "efrt-unpack": "2.2.0"
      },
      "engines": {
        "node": ">=6.0.0"
      }
    },
    "node_modules/compromise13.3.2": {
      "name": "compromise",
      "version": "13.3.2",
      "resolved": "https://registry.npmjs.org/compromise/-/compromise-13.3.2.tgz",
      "integrity": "sha512-yBqGnwby+QcaUuS1B04+tMQxlnGZNHgzS7N/kSEJ4nggJcQllH8fCCrO2LLKeJ8DpHtStcdOlZTyLTN/p3d+kw==",
      "dependencies": {
        "efrt-unpack": "2.2.0"
      },
      "engines": {
        "node": ">=6.0.0"
      }
    },
    "node_modules/compromise13.4.0": {
      "name": "compromise",
      "version": "13.4.0",
      "resolved": "https://registry.npmjs.org/compromise/-/compromise-13.4.0.tgz",
      "integrity": "sha512-NeRhAnriPZpa4pJCaWhuXGkverdbqTPa2mD5RuH/jR1UwCSWprSLadgCIUhyNVRnD+H0bjL8Szmkt9XegVWGBg==",
      "dependencies": {
        "efrt-unpack": "2.2.0"
      },
      "engines": {
        "node": ">=6.0.0"
      }
    },
    "node_modules/compromise13.5.0": {
      "name": "compromise",
      "version": "13.5.0",
      "resolved": "https://registry.npmjs.org/compromise/-/compromise-13.5.0.tgz",
      "integrity": "sha512-ouD7FwVtiuPhViVVz9gKs3LeZqJU/AUJSReww4jal5U/DoP91YPyhemMXgSUab/jwo26wqCEPsWnF4XdRYWgcQ==",
      "dependencies": {
        "efrt-unpack": "2.2.0"
      },
      "engines": {
        "node": ">=6.0.0"
      }
    },
    "node_modules/compromise13.6.0": {
      "name": "compromise",
      "version": "13.6.0",
      "resolved": "https://registry.npmjs.org/compromise/-/compromise-13.6.0.tgz",
      "integrity": "sha512-Bbdneeq0o+fFB/Kep1wovxBMcKTcTyHmTVGtj2ehQu15NNLDMw4nrDbsLFa7d8po4P19AuC9Hco2NDKg0AceWg==",
      "dependencies": {
        "efrt-unpack": "2.2.0"
      },
      "engines": {
        "node": ">=6.0.0"
      }
    },
    "node_modules/compromise13.7.0": {
      "name": "compromise",
      "version": "13.7.0",
      "resolved": "https://registry.npmjs.org/compromise/-/compromise-13.7.0.tgz",
      "integrity": "sha512-RGCUJQs906TCU04rN0Fb2xwrzL9/xyr6MTggTytrlI+VEaBVqeO0ccOtTLEnlI4BVB6hoCic5Nmbp3nRdNKpJA==",
      "dependencies": {
        "efrt-unpack": "2.2.0"
      },
      "engines": {
        "node": ">=6.0.0"
      }
    },
    "node_modules/compromise13.8.0": {
      "name": "compromise",
      "version": "13.8.0",
      "resolved": "https://registry.npmjs.org/compromise/-/compromise-13.8.0.tgz",
      "integrity": "sha512-j+hIo096v9S3lEC9iEFP2nVqCDwvWD3GyqvL/fSIo4CcJ8ddFTbvufeTWcvfcpxU8dLkKLmcUIvM3EXu4Sw5mg==",
      "dependencies": {
        "efrt-unpack": "2.2.0"
      },
      "engines": {
        "node": ">=6.0.0"
      }
    },
    "node_modules/compromise13.9.0": {
      "name": "compromise",
      "version": "13.9.0",
      "resolved": "https://registry.npmjs.org/compromise/-/compromise-13.9.0.tgz",
      "integrity": "sha512-npMLk1V37g/+pjC2z+ilZug5B0dOeG8MUy1MhwFEgHJdLx2IsCMOJoIWvX4OvX2SqqlB6N8Mu8kIiFios8+KtQ==",
      "dependencies": {
        "efrt-unpack": "2.2.0"
      },
      "engines": {
        "node": ">=6.0.0"
      }
    },
    "node_modules/compromise13.9.1": {
      "name": "compromise",
      "version": "13.9.1",
      "resolved": "https://registry.npmjs.org/compromise/-/compromise-13.9.1.tgz",
      "integrity": "sha512-1zBsUu80pCehk4/VVzz6QNuu9uXs+nY5ik/5SCYejxIXZTwA6axzcBR4yUftlqr2dg1FdeCgQJArLFlvt0aqyw==",
      "dependencies": {
        "efrt-unpack": "2.2.0"
      },
      "engines": {
        "node": ">=6.0.0"
      }
    },
    "node_modules/compromise13.9.2": {
      "name": "compromise",
      "version": "13.9.2",
      "resolved": "https://registry.npmjs.org/compromise/-/compromise-13.9.2.tgz",
      "integrity": "sha512-I4h1zEphlxjHyXbJyvryVfTX8CrW08nzMqpmJfIYTnkeDwogAQ6gQX1pSSCPwjboNX9zW2d3LohFwXiHktapcA==",
      "dependencies": {
        "efrt-unpack": "2.2.0"
      },
      "engines": {
        "node": ">=6.0.0"
      }
    },
    "node_modules/compromise13.9.3": {
      "name": "compromise",
      "version": "13.9.3",
      "resolved": "https://registry.npmjs.org/compromise/-/compromise-13.9.3.tgz",
      "integrity": "sha512-A2n9c3ThPeMomeoEbXn+/PbnM2XDO2YeQMCObEYTZI8T3/OMl6hJkSQ81yMKB16hSPUnU8OEhHOpwU6xf8qDAg==",
      "dependencies": {
        "efrt-unpack": "2.2.0"
      },
      "engines": {
        "node": ">=6.0.0"
      }
    },
    "node_modules/efrt-unpack": {
      "version": "2.2.0",
      "resolved": "https://registry.npmjs.org/efrt-unpack/-/efrt-unpack-2.2.0.tgz",
      "integrity": "sha512-9xUSSj7qcUxz+0r4X3+bwUNttEfGfK5AH+LVa1aTpqdAfrN5VhROYCfcF+up4hp5OL7IUKcZJJrzAGipQRDoiQ=="
    }
  },
  "dependencies": {
    "compromise13.0.0": {
      "version": "npm:compromise@13.0.0",
      "resolved": "https://registry.npmjs.org/compromise/-/compromise-13.0.0.tgz",
      "integrity": "sha512-4Kgpky/ZEq62wI8cNQ7SAoK46OKLj/UgMhKEZwVVoDqQ9yOEfSNLvPPtdYuFtpS1mboFj9MR6Nu/7/fV34sFNg==",
      "requires": {
        "efrt-unpack": "2.2.0"
      }
    },
    "compromise13.1.0": {
      "version": "npm:compromise@13.1.0",
      "resolved": "https://registry.npmjs.org/compromise/-/compromise-13.1.0.tgz",
      "integrity": "sha512-jPXyr4P7v9eLr9Uvxk6Y9TViQXOHLAoHTAfPLr/qUf/ivKU1xFo2JoljLGQ9VauyaHzSMQWEjZWXpa9E4wonQQ==",
      "requires": {
        "efrt-unpack": "2.2.0"
      }
    },
    "compromise13.1.1": {
      "version": "npm:compromise@13.1.1",
      "resolved": "https://registry.npmjs.org/compromise/-/compromise-13.1.1.tgz",
      "integrity": "sha512-z54eBM+qbLS2/i/lYwCqDSkUMRXP0QZWW7XsffIiWGZpJPteTRr8laAEXoa4DQM5it5tGpE08cqRa8yZKYTcUw==",
      "requires": {
        "efrt-unpack": "2.2.0"
      }
    },
    "compromise13.10.0": {
      "version": "npm:compromise@13.10.0",
      "resolved": "https://registry.npmjs.org/compromise/-/compromise-13.10.0.tgz",
      "integrity": "sha512-t0EOG82arnVeUIOuDhlqweXkADf98BNCCYqE2UtnZW/NKcX75zlrasvSMPxfjZpZiOUX3UdeRo5IqZ7JuyDkKg==",
      "requires": {
        "efrt-unpack": "2.2.0"
      }
    },
    "compromise13.10.1": {
      "version": "npm:compromise@13.10.1",
      "resolved": "https://registry.npmjs.org/compromise/-/compromise-13.10.1.tgz",
      "integrity": "sha512-c6zhWJzXQBXWQXHqfVQC31KJHHW1VFP138TT2moE8A1qzzJfjjbBCxO227rPnCUTpg4I2+SHWfWpC8v/XoZ4Iw==",
      "requires": {
        "efrt-unpack": "2.2.0"
      }
    },
    "compromise13.10.2": {
      "version": "npm:compromise@13.10.2",
      "resolved": "https://registry.npmjs.org/compromise/-/compromise-13.10.2.tgz",
      "integrity": "sha512-jyUy0dCggMWDG0f3/lgNZAtc4ttxL5M3gujBjzABaVxT0Fqi5vcLYgZOY5tzQXNSRopRV1+AZ8ZjO9RA2uS/bQ==",
      "requires": {
        "efrt-unpack": "2.2.0"
      }
    },
    "compromise13.2.0": {
      "version": "npm:compromise@13.2.0",
      "resolved": "https://registry.npmjs.org/compromise/-/compromise-13.2.0.tgz",
      "integrity": "sha512-28+mOpSGWkzCN2BKKq2sApPm+XNOmBj5wDxlKAAeUh77Mv4HsjnX2Zp3KN1Id6CYwkyn7dPuWF3GGqq2X/SEww==",
      "requires": {
        "efrt-unpack": "2.2.0"
      }
    },
    "compromise13.3.0": {
      "version": "npm:compromise@13.3.0",
      "resolved": "https://registry.npmjs.org/compromise/-/compromise-13.3.0.tgz",
      "integrity": "sha512-jRKKGb1y83ur/fWqXJoWrP5zQqy03v+T/uw68LUEXdRamkou7ThYaDCpAWoH3xVB/vY1D0PJdLRRfCVaWScR4g==",
      "requires": {
        "efrt-unpack": "2.2.0"
      }
    },
    "compromise13.3.1": {
      "version": "npm:compromise@13.3.1",
      "resolved": "https://registry.npmjs.org/compromise/-/compromise-13.3.1.tgz",
      "integrity": "sha512-GcnPmjJ0HKonf2q2VRCBNFTDG/MQOAa1URH+t7FLN9KeJY68orBh7OeAznXo7g5Mgz2bpgqRTp9jQoYreYRo/Q==",
      "requires": {
        "efrt-unpack": "2.2.0"
      }
    },
    "compromise13.3.2": {
      "version": "npm:compromise@13.3.2",
      "resolved": "https://registry.npmjs.org/compromise/-/compromise-13.3.2.tgz",
      "integrity": "sha512-yBqGnwby+QcaUuS1B04+tMQxlnGZNHgzS7N/kSEJ4nggJcQllH8fCCrO2LLKeJ8DpHtStcdOlZTyLTN/p3d+kw==",
      "requires": {
        "efrt-unpack": "2.2.0"
      }
    },
    "compromise13.4.0": {
      "version": "npm:compromise@13.4.0",
      "resolved": "https://registry.npmjs.org/compromise/-/compromise-13.4.0.tgz",
      "integrity": "sha512-NeRhAnriPZpa4pJCaWhuXGkverdbqTPa2mD5RuH/jR1UwCSWprSLadgCIUhyNVRnD+H0bjL8Szmkt9XegVWGBg==",
      "requires": {
        "efrt-unpack": "2.2.0"
      }
    },
    "compromise13.5.0": {
      "version": "npm:compromise@13.5.0",
      "resolved": "https://registry.npmjs.org/compromise/-/compromise-13.5.0.tgz",
      "integrity": "sha512-ouD7FwVtiuPhViVVz9gKs3LeZqJU/AUJSReww4jal5U/DoP91YPyhemMXgSUab/jwo26wqCEPsWnF4XdRYWgcQ==",
      "requires": {
        "efrt-unpack": "2.2.0"
      }
    },
    "compromise13.6.0": {
      "version": "npm:compromise@13.6.0",
      "resolved": "https://registry.npmjs.org/compromise/-/compromise-13.6.0.tgz",
      "integrity": "sha512-Bbdneeq0o+fFB/Kep1wovxBMcKTcTyHmTVGtj2ehQu15NNLDMw4nrDbsLFa7d8po4P19AuC9Hco2NDKg0AceWg==",
      "requires": {
        "efrt-unpack": "2.2.0"
      }
    },
    "compromise13.7.0": {
      "version": "npm:compromise@13.7.0",
      "resolved": "https://registry.npmjs.org/compromise/-/compromise-13.7.0.tgz",
      "integrity": "sha512-RGCUJQs906TCU04rN0Fb2xwrzL9/xyr6MTggTytrlI+VEaBVqeO0ccOtTLEnlI4BVB6hoCic5Nmbp3nRdNKpJA==",
      "requires": {
        "efrt-unpack": "2.2.0"
      }
    },
    "compromise13.8.0": {
      "version": "npm:compromise@13.8.0",
      "resolved": "https://registry.npmjs.org/compromise/-/compromise-13.8.0.tgz",
      "integrity": "sha512-j+hIo096v9S3lEC9iEFP2nVqCDwvWD3GyqvL/fSIo4CcJ8ddFTbvufeTWcvfcpxU8dLkKLmcUIvM3EXu4Sw5mg==",
      "requires": {
        "efrt-unpack": "2.2.0"
      }
    },
    "compromise13.9.0": {
      "version": "npm:compromise@13.9.0",
      "resolved": "https://registry.npmjs.org/compromise/-/compromise-13.9.0.tgz",
      "integrity": "sha512-npMLk1V37g/+pjC2z+ilZug5B0dOeG8MUy1MhwFEgHJdLx2IsCMOJoIWvX4OvX2SqqlB6N8Mu8kIiFios8+KtQ==",
      "requires": {
        "efrt-unpack": "2.2.0"
      }
    },
    "compromise13.9.1": {
      "version": "npm:compromise@13.9.1",
      "resolved": "https://registry.npmjs.org/compromise/-/compromise-13.9.1.tgz",
      "integrity": "sha512-1zBsUu80pCehk4/VVzz6QNuu9uXs+nY5ik/5SCYejxIXZTwA6axzcBR4yUftlqr2dg1FdeCgQJArLFlvt0aqyw==",
      "requires": {
        "efrt-unpack": "2.2.0"
      }
    },
    "compromise13.9.2": {
      "version": "npm:compromise@13.9.2",
      "resolved": "https://registry.npmjs.org/compromise/-/compromise-13.9.2.tgz",
      "integrity": "sha512-I4h1zEphlxjHyXbJyvryVfTX8CrW08nzMqpmJfIYTnkeDwogAQ6gQX1pSSCPwjboNX9zW2d3LohFwXiHktapcA==",
      "requires": {
        "efrt-unpack": "2.2.0"
      }
    },
    "compromise13.9.3": {
      "version": "npm:compromise@13.9.3",
      "resolved": "https://registry.npmjs.org/compromise/-/compromise-13.9.3.tgz",
      "integrity": "sha512-A2n9c3ThPeMomeoEbXn+/PbnM2XDO2YeQMCObEYTZI8T3/OMl6hJkSQ81yMKB16hSPUnU8OEhHOpwU6xf8qDAg==",
      "requires": {
        "efrt-unpack": "2.2.0"
      }
    },
    "efrt-unpack": {
      "version": "2.2.0",
      "resolved": "https://registry.npmjs.org/efrt-unpack/-/efrt-unpack-2.2.0.tgz",
      "integrity": "sha512-9xUSSj7qcUxz+0r4X3+bwUNttEfGfK5AH+LVa1aTpqdAfrN5VhROYCfcF+up4hp5OL7IUKcZJJrzAGipQRDoiQ=="
    }
  }
}
